{
    "_readme": [
        "This file locks the dependencies of your project to a known state",
        "Read more about it at https://getcomposer.org/doc/01-basic-usage.md#installing-dependencies",
        "This file is @generated automatically"
    ],
    "content-hash": "1c9cb279981ed82b8d7e68de3c814f92",
    "packages": [
        {
            "name": "oblind/language",
            "version": "dev-master",
            "source": {
                "type": "git",
                "url": "https://github.com/oblind/language.git",
                "reference": "c1d2b93850384de94f1f8fb40343d84f6a584f1e"
            },
            "dist": {
                "type": "zip",
                "url": "https://api.github.com/repos/oblind/language/zipball/c1d2b93850384de94f1f8fb40343d84f6a584f1e",
                "reference": "c1d2b93850384de94f1f8fb40343d84f6a584f1e",
                "shasum": ""
            },
            "type": "library",
            "autoload": {
                "files": [
                    "src/global.php",
                    "src/Language.php"
                ]
            },
            "notification-url": "https://packagist.org/downloads/",
            "license": [
                "Apache-2.0"
            ],
            "authors": [
                {
                    "name": "oblind",
                    "email": "oblind@163.com"
                }
            ],
            "description": "multiple language support",
            "keywords": [
                "language",
                "oblind"
            ],
            "time": "2019-03-03T03:04:45+00:00"
        },
        {
            "name": "ralouphie/getallheaders",
            "version": "3.0.3",
            "source": {
                "type": "git",
                "url": "https://github.com/ralouphie/getallheaders.git",
                "reference": "120b605dfeb996808c31b6477290a714d356e822"
            },
            "dist": {
                "type": "zip",
                "url": "https://api.github.com/repos/ralouphie/getallheaders/zipball/120b605dfeb996808c31b6477290a714d356e822",
                "reference": "120b605dfeb996808c31b6477290a714d356e822",
                "shasum": ""
            },
            "require": {
                "php": ">=5.6"
            },
            "require-dev": {
                "php-coveralls/php-coveralls": "^2.1",
                "phpunit/phpunit": "^5 || ^6.5"
            },
            "type": "library",
            "autoload": {
                "files": [
                    "src/getallheaders.php"
                ]
            },
            "notification-url": "https://packagist.org/downloads/",
            "license": [
                "MIT"
            ],
            "authors": [
                {
                    "name": "Ralph Khattar",
                    "email": "ralph.khattar@gmail.com"
                }
            ],
            "description": "A polyfill for getallheaders.",
            "time": "2019-03-08T08:55:37+00:00"
        }
    ],
    "packages-dev": [],
    "aliases": [],
    "minimum-stability": "stable",
    "stability-flags": {
        "oblind/language": 20
    },
    "prefer-stable": false,
    "prefer-lowest": false,
    "platform": [],
    "platform-dev": []
}
